<?xml version="1.0" encoding="utf-8"?>
<Project ToolsVersion="4.0" xmlns="http://schemas.microsoft.com/developer/msbuild/2003">
  <ItemGroup>
    <ClCompile Include="..\..\..\source\Graphics.cpp">
      <Filter>modules\graphics</Filter>
    </ClCompile>
    <ClCompile Include="..\..\..\source\wrap_Graphics.cpp">
      <Filter>modules\graphics</Filter>
    </ClCompile>
    <ClCompile Include="..\..\..\source\Object.cpp">
      <Filter>common</Filter>
    </ClCompile>
    <ClCompile Include="..\..\..\source\runtime.cpp">
      <Filter>common</Filter>
    </ClCompile>
    <ClCompile Include="..\..\..\source\types.cpp">
      <Filter>common</Filter>
    </ClCompile>
    <ClCompile Include="..\..\..\source\dust.cpp">
      <Filter>common</Filter>
    </ClCompile>
    <ClCompile Include="..\..\..\source\Blackboard.cpp">
      <Filter>common</Filter>
    </ClCompile>
    <ClCompile Include="..\..\..\source\wrap_SceneGraph.cpp">
      <Filter>modules\scene_graph</Filter>
    </ClCompile>
    <ClCompile Include="..\..\..\source\SceneNodeScript.cpp">
      <Filter>script</Filter>
    </ClCompile>
    <ClCompile Include="..\..\..\source\StageCanvasScript.cpp">
      <Filter>script</Filter>
    </ClCompile>
    <ClCompile Include="..\..\..\source\SceneGraph.cpp">
      <Filter>modules\scene_graph</Filter>
    </ClCompile>
    <ClCompile Include="..\..\..\source\wrap_SceneNode.cpp">
      <Filter>modules\scene_graph</Filter>
    </ClCompile>
    <ClCompile Include="..\..\..\source\ModuleMgr.cpp">
      <Filter>common</Filter>
    </ClCompile>
    <ClCompile Include="..\..\..\source\Context.cpp">
      <Filter>common</Filter>
    </ClCompile>
  </ItemGroup>
  <ItemGroup>
    <ClInclude Include="..\..\..\include\dust\Graphics.h">
      <Filter>modules\graphics</Filter>
    </ClInclude>
    <ClInclude Include="..\..\..\include\dust\Module.h">
      <Filter>common</Filter>
    </ClInclude>
    <ClInclude Include="..\..\..\include\dust\Object.h">
      <Filter>common</Filter>
    </ClInclude>
    <ClInclude Include="..\..\..\include\dust\runtime.h">
      <Filter>common</Filter>
    </ClInclude>
    <ClInclude Include="..\..\..\include\dust\types.h">
      <Filter>common</Filter>
    </ClInclude>
    <ClInclude Include="..\..\..\include\dust\dust.h">
      <Filter>common</Filter>
    </ClInclude>
    <ClInclude Include="..\..\..\include\dust\Blackboard.h">
      <Filter>common</Filter>
    </ClInclude>
    <ClInclude Include="..\..\..\include\dust\StringMap.h">
      <Filter>common</Filter>
    </ClInclude>
    <ClInclude Include="..\..\..\include\dust\typedef.h">
      <Filter>common</Filter>
    </ClInclude>
    <ClInclude Include="..\..\..\include\dust\SceneNodeScript.h">
      <Filter>script</Filter>
    </ClInclude>
    <ClInclude Include="..\..\..\include\dust\StageCanvasScript.h">
      <Filter>script</Filter>
    </ClInclude>
    <ClInclude Include="..\..\..\include\dust\SceneNode.h">
      <Filter>modules\scene_graph</Filter>
    </ClInclude>
    <ClInclude Include="..\..\..\include\dust\SceneGraph.h">
      <Filter>modules\scene_graph</Filter>
    </ClInclude>
    <ClInclude Include="..\..\..\include\dust\ModuleMgr.h">
      <Filter>common</Filter>
    </ClInclude>
    <ClInclude Include="..\..\..\include\dust\Context.h">
      <Filter>common</Filter>
    </ClInclude>
  </ItemGroup>
  <ItemGroup>
    <Filter Include="modules">
      <UniqueIdentifier>{d494cd62-d3d7-4c63-80aa-9176261ece9c}</UniqueIdentifier>
    </Filter>
    <Filter Include="modules\graphics">
      <UniqueIdentifier>{5e30c3e9-8947-4947-8767-bf4bd0dcc12c}</UniqueIdentifier>
    </Filter>
    <Filter Include="common">
      <UniqueIdentifier>{3fc3d4d0-81b5-4f3a-acf6-927d4c1108ec}</UniqueIdentifier>
    </Filter>
    <Filter Include="modules\scene_graph">
      <UniqueIdentifier>{d178a3dd-8716-4f40-95bc-2712adf9dac2}</UniqueIdentifier>
    </Filter>
    <Filter Include="script">
      <UniqueIdentifier>{2355edfc-29bc-40b9-962f-3e7f442b37a9}</UniqueIdentifier>
    </Filter>
  </ItemGroup>
</Project>