<?xml version="1.0" encoding="utf-8"?>
<Project ToolsVersion="4.0" xmlns="http://schemas.microsoft.com/developer/msbuild/2003">
  <ItemGroup>
    <ClCompile Include="..\..\..\source\Graphics.cpp">
      <Filter>modules\graphics</Filter>
    </ClCompile>
    <ClCompile Include="..\..\..\source\wrap_Graphics.cpp">
      <Filter>modules\graphics</Filter>
    </ClCompile>
    <ClCompile Include="..\..\..\source\Editor.cpp">
      <Filter>modules\editor</Filter>
    </ClCompile>
    <ClCompile Include="..\..\..\source\wrap_Editor.cpp">
      <Filter>modules\editor</Filter>
    </ClCompile>
    <ClCompile Include="..\..\..\source\Module.cpp">
      <Filter>common</Filter>
    </ClCompile>
    <ClCompile Include="..\..\..\source\Object.cpp">
      <Filter>common</Filter>
    </ClCompile>
    <ClCompile Include="..\..\..\source\runtime.cpp">
      <Filter>common</Filter>
    </ClCompile>
    <ClCompile Include="..\..\..\source\types.cpp">
      <Filter>common</Filter>
    </ClCompile>
    <ClCompile Include="..\..\..\source\LuaVM.cpp">
      <Filter>common</Filter>
    </ClCompile>
    <ClCompile Include="..\..\..\source\dust.cpp">
      <Filter>common</Filter>
    </ClCompile>
    <ClCompile Include="..\..\..\source\Blackboard.cpp">
      <Filter>common</Filter>
    </ClCompile>
    <ClCompile Include="..\..\..\source\StageCanvas.cpp">
      <Filter>modules\editor</Filter>
    </ClCompile>
  </ItemGroup>
  <ItemGroup>
    <ClInclude Include="..\..\..\include\dust\Graphics.h">
      <Filter>modules\graphics</Filter>
    </ClInclude>
    <ClInclude Include="..\..\..\include\dust\Editor.h">
      <Filter>modules\editor</Filter>
    </ClInclude>
    <ClInclude Include="..\..\..\include\dust\Module.h">
      <Filter>common</Filter>
    </ClInclude>
    <ClInclude Include="..\..\..\include\dust\Object.h">
      <Filter>common</Filter>
    </ClInclude>
    <ClInclude Include="..\..\..\include\dust\runtime.h">
      <Filter>common</Filter>
    </ClInclude>
    <ClInclude Include="..\..\..\include\dust\types.h">
      <Filter>common</Filter>
    </ClInclude>
    <ClInclude Include="..\..\..\include\dust\LuaVM.h">
      <Filter>common</Filter>
    </ClInclude>
    <ClInclude Include="..\..\..\include\dust\dust.h">
      <Filter>common</Filter>
    </ClInclude>
    <ClInclude Include="..\..\..\include\dust\Blackboard.h">
      <Filter>common</Filter>
    </ClInclude>
    <ClInclude Include="..\..\..\include\dust\StringMap.h">
      <Filter>common</Filter>
    </ClInclude>
    <ClInclude Include="..\..\..\include\dust\StageCanvas.h">
      <Filter>modules\editor</Filter>
    </ClInclude>
  </ItemGroup>
  <ItemGroup>
    <Filter Include="modules">
      <UniqueIdentifier>{d494cd62-d3d7-4c63-80aa-9176261ece9c}</UniqueIdentifier>
    </Filter>
    <Filter Include="modules\graphics">
      <UniqueIdentifier>{5e30c3e9-8947-4947-8767-bf4bd0dcc12c}</UniqueIdentifier>
    </Filter>
    <Filter Include="modules\editor">
      <UniqueIdentifier>{e873649b-f4b2-4c49-89c5-4be5093bc859}</UniqueIdentifier>
    </Filter>
    <Filter Include="common">
      <UniqueIdentifier>{3fc3d4d0-81b5-4f3a-acf6-927d4c1108ec}</UniqueIdentifier>
    </Filter>
  </ItemGroup>
</Project>